
Microsoft Visual Studio Solution File, Format Version 12.00
# Visual Studio 15
VisualStudioVersion = 15.0.26228.29
MinimumVisualStudioVersion = 10.0.40219.1
Project("{FAE04EC0-301F-11D3-BF4B-00C04F79EFBC}") = "Hackathontrial", "Hackathontrial\Hackathontrial.csproj", "{EA00E70F-5851-4768-A507-82807F4C702A}"
EndProject
Global
	GlobalSection(SolutionConfigurationPlatforms) = preSolution
		Debug|Any CPU = Debug|Any CPU
		Release|Any CPU = Release|Any CPU
	EndGlobalSection
	GlobalSection(ProjectConfigurationPlatforms) = postSolution
		{EA00E70F-5851-4768-A507-82807F4C702A}.Debug|Any CPU.ActiveCfg = Debug|Any CPU
		{EA00E70F-5851-4768-A507-82807F4C702A}.Debug|Any CPU.Build.0 = Debug|Any CPU
		{EA00E70F-5851-4768-A507-82807F4C702A}.Release|Any CPU.ActiveCfg = Release|Any CPU
		{EA00E70F-5851-4768-A507-82807F4C702A}.Release|Any CPU.Build.0 = Release|Any CPU
	EndGlobalSection
	GlobalSection(SolutionProperties) = preSolution
		HideSolutionNode = FALSE
	EndGlobalSection
EndGlobal
